
Microsoft Visual Studio Solution File, Format Version 12.00
# Visual Studio 15
VisualStudioVersion = 15.0.27130.2027
MinimumVisualStudioVersion = 10.0.40219.1
Project("{FAE04EC0-301F-11D3-BF4B-00C04F79EFBC}") = "SupportEtudiant", "SupportEtudiant\SupportEtudiant.csproj", "{417FA290-77EC-487D-977F-548619EAA957}"
EndProject
Project("{FAE04EC0-301F-11D3-BF4B-00C04F79EFBC}") = "SupportEtudiant.Test", "UnitTestProject1\SupportEtudiant.Test.csproj", "{40E5BB73-A243-4648-94EA-EB23C7BB5FBA}"
EndProject
Global
	GlobalSection(SolutionConfigurationPlatforms) = preSolution
		Debug|Any CPU = Debug|Any CPU
		Release|Any CPU = Release|Any CPU
	EndGlobalSection
	GlobalSection(ProjectConfigurationPlatforms) = postSolution
		{417FA290-77EC-487D-977F-548619EAA957}.Debug|Any CPU.ActiveCfg = Debug|Any CPU
		{417FA290-77EC-487D-977F-548619EAA957}.Debug|Any CPU.Build.0 = Debug|Any CPU
		{417FA290-77EC-487D-977F-548619EAA957}.Release|Any CPU.ActiveCfg = Release|Any CPU
		{417FA290-77EC-487D-977F-548619EAA957}.Release|Any CPU.Build.0 = Release|Any CPU
		{40E5BB73-A243-4648-94EA-EB23C7BB5FBA}.Debug|Any CPU.ActiveCfg = Debug|Any CPU
		{40E5BB73-A243-4648-94EA-EB23C7BB5FBA}.Debug|Any CPU.Build.0 = Debug|Any CPU
		{40E5BB73-A243-4648-94EA-EB23C7BB5FBA}.Release|Any CPU.ActiveCfg = Release|Any CPU
		{40E5BB73-A243-4648-94EA-EB23C7BB5FBA}.Release|Any CPU.Build.0 = Release|Any CPU
	EndGlobalSection
	GlobalSection(SolutionProperties) = preSolution
		HideSolutionNode = FALSE
	EndGlobalSection
	GlobalSection(ExtensibilityGlobals) = postSolution
		SolutionGuid = {E22FE385-4C4D-44A3-A422-DE36C344BE31}
	EndGlobalSection
EndGlobal
